// !$*UTF8*$!
{
	archiveVersion = 1;
	classes = {
	};
	objectVersion = 50;
	objects = {

/* Begin PBXBuildFile section */
		2752F285BE762E0CCBCEA43E /* Pods_ACollection.framework in Frameworks */ = {isa = PBXBuildFile; fileRef = 9C21581F1B71A8F0DE283D37 /* Pods_ACollection.framework */; };
		612AAB3021A6B817007E734B /* AppDelegate.swift in Sources */ = {isa = PBXBuildFile; fileRef = 612AAB2F21A6B817007E734B /* AppDelegate.swift */; };
		612AAB3521A6B817007E734B /* Main.storyboard in Resources */ = {isa = PBXBuildFile; fileRef = 612AAB3321A6B817007E734B /* Main.storyboard */; };
		612AAB3721A6B818007E734B /* Assets.xcassets in Resources */ = {isa = PBXBuildFile; fileRef = 612AAB3621A6B818007E734B /* Assets.xcassets */; };
		612AAB3A21A6B818007E734B /* LaunchScreen.storyboard in Resources */ = {isa = PBXBuildFile; fileRef = 612AAB3821A6B818007E734B /* LaunchScreen.storyboard */; };
		612AAB4521A6B818007E734B /* ACollectionTests.swift in Sources */ = {isa = PBXBuildFile; fileRef = 612AAB4421A6B818007E734B /* ACollectionTests.swift */; };
		612AAB5021A6B818007E734B /* ACollectionUITests.swift in Sources */ = {isa = PBXBuildFile; fileRef = 612AAB4F21A6B818007E734B /* ACollectionUITests.swift */; };
		612AAB9621A6BFE0007E734B /* AEUrlLoader.framework in Frameworks */ = {isa = PBXBuildFile; fileRef = 612AAB9221A6BF88007E734B /* AEUrlLoader.framework */; };
		612AAB9821A6C00D007E734B /* AEUrlLoader.framework in Embed Frameworks */ = {isa = PBXBuildFile; fileRef = 612AAB9221A6BF88007E734B /* AEUrlLoader.framework */; settings = {ATTRIBUTES = (CodeSignOnCopy, RemoveHeadersOnCopy, ); }; };
		612AABA321A6CC92007E734B /* WallCollectionViewController.swift in Sources */ = {isa = PBXBuildFile; fileRef = 612AABA221A6CC92007E734B /* WallCollectionViewController.swift */; };
		612AABA721A6CCCD007E734B /* WallModel.swift in Sources */ = {isa = PBXBuildFile; fileRef = 612AABA621A6CCCD007E734B /* WallModel.swift */; };
		612AABAA21A6CCEA007E734B /* WallViewCell.swift in Sources */ = {isa = PBXBuildFile; fileRef = 612AABA821A6CCEA007E734B /* WallViewCell.swift */; };
		612AABAB21A6CCEA007E734B /* WallViewCell.xib in Resources */ = {isa = PBXBuildFile; fileRef = 612AABA921A6CCEA007E734B /* WallViewCell.xib */; };
		D78399DF54B8B37414CF54E9 /* Pods_ACollectionTests.framework in Frameworks */ = {isa = PBXBuildFile; fileRef = 9D515D80D46BC811F76F5EDA /* Pods_ACollectionTests.framework */; };
		DC902A686AA17BE4548342EA /* Pods_ACollectionUITests.framework in Frameworks */ = {isa = PBXBuildFile; fileRef = 3B2BC696A0E3C33A6C183214 /* Pods_ACollectionUITests.framework */; };
/* End PBXBuildFile section */

/* Begin PBXContainerItemProxy section */
		612AAB4121A6B818007E734B /* PBXContainerItemProxy */ = {
			isa = PBXContainerItemProxy;
			containerPortal = 612AAB2421A6B817007E734B /* Project object */;
			proxyType = 1;
			remoteGlobalIDString = 612AAB2B21A6B817007E734B;
			remoteInfo = ACollection;
		};
		612AAB4C21A6B818007E734B /* PBXContainerItemProxy */ = {
			isa = PBXContainerItemProxy;
			containerPortal = 612AAB2421A6B817007E734B /* Project object */;
			proxyType = 1;
			remoteGlobalIDString = 612AAB2B21A6B817007E734B;
			remoteInfo = ACollection;
		};
		612AAB9121A6BF88007E734B /* PBXContainerItemProxy */ = {
			isa = PBXContainerItemProxy;
			containerPortal = 612AAB8C21A6BF87007E734B /* AEUrlLoader.xcodeproj */;
			proxyType = 2;
			remoteGlobalIDString = 612AAB6721A6BAAD007E734B;
			remoteInfo = AEUrlLoader;
		};
		612AAB9321A6BF88007E734B /* PBXContainerItemProxy */ = {
			isa = PBXContainerItemProxy;
			containerPortal = 612AAB8C21A6BF87007E734B /* AEUrlLoader.xcodeproj */;
			proxyType = 2;
			remoteGlobalIDString = 612AAB7021A6BAAE007E734B;
			remoteInfo = AEUrlLoaderTests;
		};
		612AAB9921A6C00D007E734B /* PBXContainerItemProxy */ = {
			isa = PBXContainerItemProxy;
			containerPortal = 612AAB8C21A6BF87007E734B /* AEUrlLoader.xcodeproj */;
			proxyType = 1;
			remoteGlobalIDString = 612AAB6621A6BAAD007E734B;
			remoteInfo = AEUrlLoader;
		};
/* End PBXContainerItemProxy section */

/* Begin PBXCopyFilesBuildPhase section */
		612AAB9B21A6C00D007E734B /* Embed Frameworks */ = {
			isa = PBXCopyFilesBuildPhase;
			buildActionMask = 2147483647;
			dstPath = "";
			dstSubfolderSpec = 10;
			files = (
				612AAB9821A6C00D007E734B /* AEUrlLoader.framework in Embed Frameworks */,
			);
			name = "Embed Frameworks";
			runOnlyForDeploymentPostprocessing = 0;
		};
/* End PBXCopyFilesBuildPhase section */

/* Begin PBXFileReference section */
		2EF37FA764D2341D0BCC6A2A /* Pods-ACollectionTests.debug.xcconfig */ = {isa = PBXFileReference; includeInIndex = 1; lastKnownFileType = text.xcconfig; name = "Pods-ACollectionTests.debug.xcconfig"; path = "Pods/Target Support Files/Pods-ACollectionTests/Pods-ACollectionTests.debug.xcconfig"; sourceTree = "<group>"; };
		312E11663A1089C64A5175C6 /* Pods-ACollectionUITests.release.xcconfig */ = {isa = PBXFileReference; includeInIndex = 1; lastKnownFileType = text.xcconfig; name = "Pods-ACollectionUITests.release.xcconfig"; path = "Pods/Target Support Files/Pods-ACollectionUITests/Pods-ACollectionUITests.release.xcconfig"; sourceTree = "<group>"; };
		3B2BC696A0E3C33A6C183214 /* Pods_ACollectionUITests.framework */ = {isa = PBXFileReference; explicitFileType = wrapper.framework; includeInIndex = 0; path = Pods_ACollectionUITests.framework; sourceTree = BUILT_PRODUCTS_DIR; };
		612AAB2C21A6B817007E734B /* ACollection.app */ = {isa = PBXFileReference; explicitFileType = wrapper.application; includeInIndex = 0; path = ACollection.app; sourceTree = BUILT_PRODUCTS_DIR; };
		612AAB2F21A6B817007E734B /* AppDelegate.swift */ = {isa = PBXFileReference; lastKnownFileType = sourcecode.swift; path = AppDelegate.swift; sourceTree = "<group>"; };
		612AAB3421A6B817007E734B /* Base */ = {isa = PBXFileReference; lastKnownFileType = file.storyboard; name = Base; path = Base.lproj/Main.storyboard; sourceTree = "<group>"; };
		612AAB3621A6B818007E734B /* Assets.xcassets */ = {isa = PBXFileReference; lastKnownFileType = folder.assetcatalog; path = Assets.xcassets; sourceTree = "<group>"; };
		612AAB3921A6B818007E734B /* Base */ = {isa = PBXFileReference; lastKnownFileType = file.storyboard; name = Base; path = Base.lproj/LaunchScreen.storyboard; sourceTree = "<group>"; };
		612AAB3B21A6B818007E734B /* Info.plist */ = {isa = PBXFileReference; lastKnownFileType = text.plist.xml; path = Info.plist; sourceTree = "<group>"; };
		612AAB4021A6B818007E734B /* ACollectionTests.xctest */ = {isa = PBXFileReference; explicitFileType = wrapper.cfbundle; includeInIndex = 0; path = ACollectionTests.xctest; sourceTree = BUILT_PRODUCTS_DIR; };
		612AAB4421A6B818007E734B /* ACollectionTests.swift */ = {isa = PBXFileReference; lastKnownFileType = sourcecode.swift; path = ACollectionTests.swift; sourceTree = "<group>"; };
		612AAB4621A6B818007E734B /* Info.plist */ = {isa = PBXFileReference; lastKnownFileType = text.plist.xml; path = Info.plist; sourceTree = "<group>"; };
		612AAB4B21A6B818007E734B /* ACollectionUITests.xctest */ = {isa = PBXFileReference; explicitFileType = wrapper.cfbundle; includeInIndex = 0; path = ACollectionUITests.xctest; sourceTree = BUILT_PRODUCTS_DIR; };
		612AAB4F21A6B818007E734B /* ACollectionUITests.swift */ = {isa = PBXFileReference; lastKnownFileType = sourcecode.swift; path = ACollectionUITests.swift; sourceTree = "<group>"; };
		612AAB5121A6B818007E734B /* Info.plist */ = {isa = PBXFileReference; lastKnownFileType = text.plist.xml; path = Info.plist; sourceTree = "<group>"; };
		612AAB8C21A6BF87007E734B /* AEUrlLoader.xcodeproj */ = {isa = PBXFileReference; lastKnownFileType = "wrapper.pb-project"; name = AEUrlLoader.xcodeproj; path = ../AEUrlLoader/AEUrlLoader.xcodeproj; sourceTree = "<group>"; };
		612AABA221A6CC92007E734B /* WallCollectionViewController.swift */ = {isa = PBXFileReference; lastKnownFileType = sourcecode.swift; path = WallCollectionViewController.swift; sourceTree = "<group>"; };
		612AABA621A6CCCD007E734B /* WallModel.swift */ = {isa = PBXFileReference; lastKnownFileType = sourcecode.swift; path = WallModel.swift; sourceTree = "<group>"; };
		612AABA821A6CCEA007E734B /* WallViewCell.swift */ = {isa = PBXFileReference; lastKnownFileType = sourcecode.swift; path = WallViewCell.swift; sourceTree = "<group>"; };
		612AABA921A6CCEA007E734B /* WallViewCell.xib */ = {isa = PBXFileReference; lastKnownFileType = file.xib; path = WallViewCell.xib; sourceTree = "<group>"; };
		705584E09AFFF0CDC00BC309 /* Pods-ACollectionTests.release.xcconfig */ = {isa = PBXFileReference; includeInIndex = 1; lastKnownFileType = text.xcconfig; name = "Pods-ACollectionTests.release.xcconfig"; path = "Pods/Target Support Files/Pods-ACollectionTests/Pods-ACollectionTests.release.xcconfig"; sourceTree = "<group>"; };
		9449E340A3DAB10C1B20B3D3 /* Pods-ACollection.release.xcconfig */ = {isa = PBXFileReference; includeInIndex = 1; lastKnownFileType = text.xcconfig; name = "Pods-ACollection.release.xcconfig"; path = "Pods/Target Support Files/Pods-ACollection/Pods-ACollection.release.xcconfig"; sourceTree = "<group>"; };
		9A3FDB5034CF03C9C3A643CD /* Pods-ACollectionUITests.debug.xcconfig */ = {isa = PBXFileReference; includeInIndex = 1; lastKnownFileType = text.xcconfig; name = "Pods-ACollectionUITests.debug.xcconfig"; path = "Pods/Target Support Files/Pods-ACollectionUITests/Pods-ACollectionUITests.debug.xcconfig"; sourceTree = "<group>"; };
		9C21581F1B71A8F0DE283D37 /* Pods_ACollection.framework */ = {isa = PBXFileReference; explicitFileType = wrapper.framework; includeInIndex = 0; path = Pods_ACollection.framework; sourceTree = BUILT_PRODUCTS_DIR; };
		9D515D80D46BC811F76F5EDA /* Pods_ACollectionTests.framework */ = {isa = PBXFileReference; explicitFileType = wrapper.framework; includeInIndex = 0; path = Pods_ACollectionTests.framework; sourceTree = BUILT_PRODUCTS_DIR; };
		E38DD40B48B35EAF98D74A54 /* Pods-ACollection.debug.xcconfig */ = {isa = PBXFileReference; includeInIndex = 1; lastKnownFileType = text.xcconfig; name = "Pods-ACollection.debug.xcconfig"; path = "Pods/Target Support Files/Pods-ACollection/Pods-ACollection.debug.xcconfig"; sourceTree = "<group>"; };
/* End PBXFileReference section */

/* Begin PBXFrameworksBuildPhase section */
		612AAB2921A6B817007E734B /* Frameworks */ = {
			isa = PBXFrameworksBuildPhase;
			buildActionMask = 2147483647;
			files = (
				612AAB9621A6BFE0007E734B /* AEUrlLoader.framework in Frameworks */,
				2752F285BE762E0CCBCEA43E /* Pods_ACollection.framework in Frameworks */,
			);
			runOnlyForDeploymentPostprocessing = 0;
		};
		612AAB3D21A6B818007E734B /* Frameworks */ = {
			isa = PBXFrameworksBuildPhase;
			buildActionMask = 2147483647;
			files = (
				D78399DF54B8B37414CF54E9 /* Pods_ACollectionTests.framework in Frameworks */,
			);
			runOnlyForDeploymentPostprocessing = 0;
		};
		612AAB4821A6B818007E734B /* Frameworks */ = {
			isa = PBXFrameworksBuildPhase;
			buildActionMask = 2147483647;
			files = (
				DC902A686AA17BE4548342EA /* Pods_ACollectionUITests.framework in Frameworks */,
			);
			runOnlyForDeploymentPostprocessing = 0;
		};
/* End PBXFrameworksBuildPhase section */

/* Begin PBXGroup section */
		49693AC59F7B24B694C094BD /* Pods */ = {
			isa = PBXGroup;
			children = (
				E38DD40B48B35EAF98D74A54 /* Pods-ACollection.debug.xcconfig */,
				9449E340A3DAB10C1B20B3D3 /* Pods-ACollection.release.xcconfig */,
				2EF37FA764D2341D0BCC6A2A /* Pods-ACollectionTests.debug.xcconfig */,
				705584E09AFFF0CDC00BC309 /* Pods-ACollectionTests.release.xcconfig */,
				9A3FDB5034CF03C9C3A643CD /* Pods-ACollectionUITests.debug.xcconfig */,
				312E11663A1089C64A5175C6 /* Pods-ACollectionUITests.release.xcconfig */,
			);
			name = Pods;
			sourceTree = "<group>";
		};
		612AAB2321A6B817007E734B = {
			isa = PBXGroup;
			children = (
				612AAB8C21A6BF87007E734B /* AEUrlLoader.xcodeproj */,
				612AAB2E21A6B817007E734B /* ACollection */,
				612AAB4321A6B818007E734B /* ACollectionTests */,
				612AAB4E21A6B818007E734B /* ACollectionUITests */,
				612AAB2D21A6B817007E734B /* Products */,
				612AAB9521A6BFE0007E734B /* Frameworks */,
				49693AC59F7B24B694C094BD /* Pods */,
			);
			sourceTree = "<group>";
		};
		612AAB2D21A6B817007E734B /* Products */ = {
			isa = PBXGroup;
			children = (
				612AAB2C21A6B817007E734B /* ACollection.app */,
				612AAB4021A6B818007E734B /* ACollectionTests.xctest */,
				612AAB4B21A6B818007E734B /* ACollectionUITests.xctest */,
			);
			name = Products;
			sourceTree = "<group>";
		};
		612AAB2E21A6B817007E734B /* ACollection */ = {
			isa = PBXGroup;
			children = (
				612AAB2F21A6B817007E734B /* AppDelegate.swift */,
				612AABA121A6CC51007E734B /* ViewControllers */,
				612AAB3321A6B817007E734B /* Main.storyboard */,
				612AAB3621A6B818007E734B /* Assets.xcassets */,
				612AAB3821A6B818007E734B /* LaunchScreen.storyboard */,
				612AAB3B21A6B818007E734B /* Info.plist */,
			);
			path = ACollection;
			sourceTree = "<group>";
		};
		612AAB4321A6B818007E734B /* ACollectionTests */ = {
			isa = PBXGroup;
			children = (
				612AAB4421A6B818007E734B /* ACollectionTests.swift */,
				612AAB4621A6B818007E734B /* Info.plist */,
			);
			path = ACollectionTests;
			sourceTree = "<group>";
		};
		612AAB4E21A6B818007E734B /* ACollectionUITests */ = {
			isa = PBXGroup;
			children = (
				612AAB4F21A6B818007E734B /* ACollectionUITests.swift */,
				612AAB5121A6B818007E734B /* Info.plist */,
			);
			path = ACollectionUITests;
			sourceTree = "<group>";
		};
		612AAB8D21A6BF87007E734B /* Products */ = {
			isa = PBXGroup;
			children = (
				612AAB9221A6BF88007E734B /* AEUrlLoader.framework */,
				612AAB9421A6BF88007E734B /* AEUrlLoaderTests.xctest */,
			);
			name = Products;
			sourceTree = "<group>";
		};
		612AAB9521A6BFE0007E734B /* Frameworks */ = {
			isa = PBXGroup;
			children = (
				9C21581F1B71A8F0DE283D37 /* Pods_ACollection.framework */,
				9D515D80D46BC811F76F5EDA /* Pods_ACollectionTests.framework */,
				3B2BC696A0E3C33A6C183214 /* Pods_ACollectionUITests.framework */,
			);
			name = Frameworks;
			sourceTree = "<group>";
		};
		612AAB9F21A6CC20007E734B /* WallViewController */ = {
			isa = PBXGroup;
			children = (
				612AABA521A6CCB1007E734B /* View */,
				612AABA421A6CC9E007E734B /* Model */,
				612AABA221A6CC92007E734B /* WallCollectionViewController.swift */,
			);
			path = WallViewController;
			sourceTree = "<group>";
		};
		612AABA121A6CC51007E734B /* ViewControllers */ = {
			isa = PBXGroup;
			children = (
				612AAB9F21A6CC20007E734B /* WallViewController */,
			);
			path = ViewControllers;
			sourceTree = "<group>";
		};
		612AABA421A6CC9E007E734B /* Model */ = {
			isa = PBXGroup;
			children = (
				612AABA621A6CCCD007E734B /* WallModel.swift */,
			);
			path = Model;
			sourceTree = "<group>";
		};
		612AABA521A6CCB1007E734B /* View */ = {
			isa = PBXGroup;
			children = (
				612AABA821A6CCEA007E734B /* WallViewCell.swift */,
				612AABA921A6CCEA007E734B /* WallViewCell.xib */,
			);
			path = View;
			sourceTree = "<group>";
		};
/* End PBXGroup section */

/* Begin PBXNativeTarget section */
		612AAB2B21A6B817007E734B /* ACollection */ = {
			isa = PBXNativeTarget;
			buildConfigurationList = 612AAB5421A6B818007E734B /* Build configuration list for PBXNativeTarget "ACollection" */;
			buildPhases = (
				66562386005BBFCB70041BAF /* [CP] Check Pods Manifest.lock */,
				612AAB2821A6B817007E734B /* Sources */,
				612AAB2921A6B817007E734B /* Frameworks */,
				612AAB2A21A6B817007E734B /* Resources */,
				612AAB9B21A6C00D007E734B /* Embed Frameworks */,
				0859DA9483FE0517CB47B605 /* [CP] Embed Pods Frameworks */,
			);
			buildRules = (
			);
			dependencies = (
				612AAB9A21A6C00D007E734B /* PBXTargetDependency */,
			);
			name = ACollection;
			productName = ACollection;
			productReference = 612AAB2C21A6B817007E734B /* ACollection.app */;
			productType = "com.apple.product-type.application";
		};
		612AAB3F21A6B818007E734B /* ACollectionTests */ = {
			isa = PBXNativeTarget;
			buildConfigurationList = 612AAB5721A6B818007E734B /* Build configuration list for PBXNativeTarget "ACollectionTests" */;
			buildPhases = (
				60008636EA95E5CB2AA999A5 /* [CP] Check Pods Manifest.lock */,
				612AAB3C21A6B818007E734B /* Sources */,
				612AAB3D21A6B818007E734B /* Frameworks */,
				612AAB3E21A6B818007E734B /* Resources */,
			);
			buildRules = (
			);
			dependencies = (
				612AAB4221A6B818007E734B /* PBXTargetDependency */,
			);
			name = ACollectionTests;
			productName = ACollectionTests;
			productReference = 612AAB4021A6B818007E734B /* ACollectionTests.xctest */;
			productType = "com.apple.product-type.bundle.unit-test";
		};
		612AAB4A21A6B818007E734B /* ACollectionUITests */ = {
			isa = PBXNativeTarget;
			buildConfigurationList = 612AAB5A21A6B818007E734B /* Build configuration list for PBXNativeTarget "ACollectionUITests" */;
			buildPhases = (
				36DADF4F020DBB1C36B48426 /* [CP] Check Pods Manifest.lock */,
				612AAB4721A6B818007E734B /* Sources */,
				612AAB4821A6B818007E734B /* Frameworks */,
				612AAB4921A6B818007E734B /* Resources */,
			);
			buildRules = (
			);
			dependencies = (
				612AAB4D21A6B818007E734B /* PBXTargetDependency */,
			);
			name = ACollectionUITests;
			productName = ACollectionUITests;
			productReference = 612AAB4B21A6B818007E734B /* ACollectionUITests.xctest */;
			productType = "com.apple.product-type.bundle.ui-testing";
		};
/* End PBXNativeTarget section */

/* Begin PBXProject section */
		612AAB2421A6B817007E734B /* Project object */ = {
			isa = PBXProject;
			attributes = {
				LastSwiftUpdateCheck = 1000;
				LastUpgradeCheck = 1000;
				ORGANIZATIONNAME = "Ajumal Ebrahim";
				TargetAttributes = {
					612AAB2B21A6B817007E734B = {
						CreatedOnToolsVersion = 10.0;
					};
					612AAB3F21A6B818007E734B = {
						CreatedOnToolsVersion = 10.0;
						TestTargetID = 612AAB2B21A6B817007E734B;
					};
					612AAB4A21A6B818007E734B = {
						CreatedOnToolsVersion = 10.0;
						TestTargetID = 612AAB2B21A6B817007E734B;
					};
				};
			};
			buildConfigurationList = 612AAB2721A6B817007E734B /* Build configuration list for PBXProject "ACollection" */;
			compatibilityVersion = "Xcode 9.3";
			developmentRegion = en;
			hasScannedForEncodings = 0;
			knownRegions = (
				en,
				Base,
			);
			mainGroup = 612AAB2321A6B817007E734B;
			productRefGroup = 612AAB2D21A6B817007E734B /* Products */;
			projectDirPath = "";
			projectReferences = (
				{
					ProductGroup = 612AAB8D21A6BF87007E734B /* Products */;
					ProjectRef = 612AAB8C21A6BF87007E734B /* AEUrlLoader.xcodeproj */;
				},
			);
			projectRoot = "";
			targets = (
				612AAB2B21A6B817007E734B /* ACollection */,
				612AAB3F21A6B818007E734B /* ACollectionTests */,
				612AAB4A21A6B818007E734B /* ACollectionUITests */,
			);
		};
/* End PBXProject section */

/* Begin PBXReferenceProxy section */
		612AAB9221A6BF88007E734B /* AEUrlLoader.framework */ = {
			isa = PBXReferenceProxy;
			fileType = wrapper.framework;
			path = AEUrlLoader.framework;
			remoteRef = 612AAB9121A6BF88007E734B /* PBXContainerItemProxy */;
			sourceTree = BUILT_PRODUCTS_DIR;
		};
		612AAB9421A6BF88007E734B /* AEUrlLoaderTests.xctest */ = {
			isa = PBXReferenceProxy;
			fileType = wrapper.cfbundle;
			path = AEUrlLoaderTests.xctest;
			remoteRef = 612AAB9321A6BF88007E734B /* PBXContainerItemProxy */;
			sourceTree = BUILT_PRODUCTS_DIR;
		};
/* End PBXReferenceProxy section */

/* Begin PBXResourcesBuildPhase section */
		612AAB2A21A6B817007E734B /* Resources */ = {
			isa = PBXResourcesBuildPhase;
			buildActionMask = 2147483647;
			files = (
				612AABAB21A6CCEA007E734B /* WallViewCell.xib in Resources */,
				612AAB3A21A6B818007E734B /* LaunchScreen.storyboard in Resources */,
				612AAB3721A6B818007E734B /* Assets.xcassets in Resources */,
				612AAB3521A6B817007E734B /* Main.storyboard in Resources */,
			);
			runOnlyForDeploymentPostprocessing = 0;
		};
		612AAB3E21A6B818007E734B /* Resources */ = {
			isa = PBXResourcesBuildPhase;
			buildActionMask = 2147483647;
			files = (
			);
			runOnlyForDeploymentPostprocessing = 0;
		};
		612AAB4921A6B818007E734B /* Resources */ = {
			isa = PBXResourcesBuildPhase;
			buildActionMask = 2147483647;
			files = (
			);
			runOnlyForDeploymentPostprocessing = 0;
		};
/* End PBXResourcesBuildPhase section */

/* Begin PBXShellScriptBuildPhase section */
		0859DA9483FE0517CB47B605 /* [CP] Embed Pods Frameworks */ = {
			isa = PBXShellScriptBuildPhase;
			buildActionMask = 2147483647;
			files = (
			);
			inputFileListPaths = (
			);
			inputPaths = (
				"${SRCROOT}/Pods/Target Support Files/Pods-ACollection/Pods-ACollection-frameworks.sh",
				"${BUILT_PRODUCTS_DIR}/Alamofire/Alamofire.framework",
			);
			name = "[CP] Embed Pods Frameworks";
			outputFileListPaths = (
			);
			outputPaths = (
				"${TARGET_BUILD_DIR}/${FRAMEWORKS_FOLDER_PATH}/Alamofire.framework",
			);
			runOnlyForDeploymentPostprocessing = 0;
			shellPath = /bin/sh;
			shellScript = "\"${SRCROOT}/Pods/Target Support Files/Pods-ACollection/Pods-ACollection-frameworks.sh\"\n";
			showEnvVarsInLog = 0;
		};
		36DADF4F020DBB1C36B48426 /* [CP] Check Pods Manifest.lock */ = {
			isa = PBXShellScriptBuildPhase;
			buildActionMask = 2147483647;
			files = (
			);
			inputFileListPaths = (
			);
			inputPaths = (
				"${PODS_PODFILE_DIR_PATH}/Podfile.lock",
				"${PODS_ROOT}/Manifest.lock",
			);
			name = "[CP] Check Pods Manifest.lock";
			outputFileListPaths = (
			);
			outputPaths = (
				"$(DERIVED_FILE_DIR)/Pods-ACollectionUITests-checkManifestLockResult.txt",
			);
			runOnlyForDeploymentPostprocessing = 0;
			shellPath = /bin/sh;
			shellScript = "diff \"${PODS_PODFILE_DIR_PATH}/Podfile.lock\" \"${PODS_ROOT}/Manifest.lock\" > /dev/null\nif [ $? != 0 ] ; then\n    # print error to STDERR\n    echo \"error: The sandbox is not in sync with the Podfile.lock. Run 'pod install' or update your CocoaPods installation.\" >&2\n    exit 1\nfi\n# This output is used by Xcode 'outputs' to avoid re-running this script phase.\necho \"SUCCESS\" > \"${SCRIPT_OUTPUT_FILE_0}\"\n";
			showEnvVarsInLog = 0;
		};
		60008636EA95E5CB2AA999A5 /* [CP] Check Pods Manifest.lock */ = {
			isa = PBXShellScriptBuildPhase;
			buildActionMask = 2147483647;
			files = (
			);
			inputFileListPaths = (
			);
			inputPaths = (
				"${PODS_PODFILE_DIR_PATH}/Podfile.lock",
				"${PODS_ROOT}/Manifest.lock",
			);
			name = "[CP] Check Pods Manifest.lock";
			outputFileListPaths = (
			);
			outputPaths = (
				"$(DERIVED_FILE_DIR)/Pods-ACollectionTests-checkManifestLockResult.txt",
			);
			runOnlyForDeploymentPostprocessing = 0;
			shellPath = /bin/sh;
			shellScript = "diff \"${PODS_PODFILE_DIR_PATH}/Podfile.lock\" \"${PODS_ROOT}/Manifest.lock\" > /dev/null\nif [ $? != 0 ] ; then\n    # print error to STDERR\n    echo \"error: The sandbox is not in sync with the Podfile.lock. Run 'pod install' or update your CocoaPods installation.\" >&2\n    exit 1\nfi\n# This output is used by Xcode 'outputs' to avoid re-running this script phase.\necho \"SUCCESS\" > \"${SCRIPT_OUTPUT_FILE_0}\"\n";
			showEnvVarsInLog = 0;
		};
		66562386005BBFCB70041BAF /* [CP] Check Pods Manifest.lock */ = {
			isa = PBXShellScriptBuildPhase;
			buildActionMask = 2147483647;
			files = (
			);
			inputFileListPaths = (
			);
			inputPaths = (
				"${PODS_PODFILE_DIR_PATH}/Podfile.lock",
				"${PODS_ROOT}/Manifest.lock",
			);
			name = "[CP] Check Pods Manifest.lock";
			outputFileListPaths = (
			);
			outputPaths = (
				"$(DERIVED_FILE_DIR)/Pods-ACollection-checkManifestLockResult.txt",
			);
			runOnlyForDeploymentPostprocessing = 0;
			shellPath = /bin/sh;
			shellScript = "diff \"${PODS_PODFILE_DIR_PATH}/Podfile.lock\" \"${PODS_ROOT}/Manifest.lock\" > /dev/null\nif [ $? != 0 ] ; then\n    # print error to STDERR\n    echo \"error: The sandbox is not in sync with the Podfile.lock. Run 'pod install' or update your CocoaPods installation.\" >&2\n    exit 1\nfi\n# This output is used by Xcode 'outputs' to avoid re-running this script phase.\necho \"SUCCESS\" > \"${SCRIPT_OUTPUT_FILE_0}\"\n";
			showEnvVarsInLog = 0;
		};
/* End PBXShellScriptBuildPhase section */

/* Begin PBXSourcesBuildPhase section */
		612AAB2821A6B817007E734B /* Sources */ = {
			isa = PBXSourcesBuildPhase;
			buildActionMask = 2147483647;
			files = (
				612AABAA21A6CCEA007E734B /* WallViewCell.swift in Sources */,
				612AAB3021A6B817007E734B /* AppDelegate.swift in Sources */,
				612AABA321A6CC92007E734B /* WallCollectionViewController.swift in Sources */,
				612AABA721A6CCCD007E734B /* WallModel.swift in Sources */,
			);
			runOnlyForDeploymentPostprocessing = 0;
		};
		612AAB3C21A6B818007E734B /* Sources */ = {
			isa = PBXSourcesBuildPhase;
			buildActionMask = 2147483647;
			files = (
				612AAB4521A6B818007E734B /* ACollectionTests.swift in Sources */,
			);
			runOnlyForDeploymentPostprocessing = 0;
		};
		612AAB4721A6B818007E734B /* Sources */ = {
			isa = PBXSourcesBuildPhase;
			buildActionMask = 2147483647;
			files = (
				612AAB5021A6B818007E734B /* ACollectionUITests.swift in Sources */,
			);
			runOnlyForDeploymentPostprocessing = 0;
		};
/* End PBXSourcesBuildPhase section */

/* Begin PBXTargetDependency section */
		612AAB4221A6B818007E734B /* PBXTargetDependency */ = {
			isa = PBXTargetDependency;
			target = 612AAB2B21A6B817007E734B /* ACollection */;
			targetProxy = 612AAB4121A6B818007E734B /* PBXContainerItemProxy */;
		};
		612AAB4D21A6B818007E734B /* PBXTargetDependency */ = {
			isa = PBXTargetDependency;
			target = 612AAB2B21A6B817007E734B /* ACollection */;
			targetProxy = 612AAB4C21A6B818007E734B /* PBXContainerItemProxy */;
		};
		612AAB9A21A6C00D007E734B /* PBXTargetDependency */ = {
			isa = PBXTargetDependency;
			name = AEUrlLoader;
			targetProxy = 612AAB9921A6C00D007E734B /* PBXContainerItemProxy */;
		};
/* End PBXTargetDependency section */

/* Begin PBXVariantGroup section */
		612AAB3321A6B817007E734B /* Main.storyboard */ = {
			isa = PBXVariantGroup;
			children = (
				612AAB3421A6B817007E734B /* Base */,
			);
			name = Main.storyboard;
			sourceTree = "<group>";
		};
		612AAB3821A6B818007E734B /* LaunchScreen.storyboard */ = {
			isa = PBXVariantGroup;
			children = (
				612AAB3921A6B818007E734B /* Base */,
			);
			name = LaunchScreen.storyboard;
			sourceTree = "<group>";
		};
/* End PBXVariantGroup section */

/* Begin XCBuildConfiguration section */
		612AAB5221A6B818007E734B /* Debug */ = {
			isa = XCBuildConfiguration;
			buildSettings = {
				ALWAYS_SEARCH_USER_PATHS = NO;
				CLANG_ANALYZER_NONNULL = YES;
				CLANG_ANALYZER_NUMBER_OBJECT_CONVERSION = YES_AGGRESSIVE;
				CLANG_CXX_LANGUAGE_STANDARD = "gnu++14";
				CLANG_CXX_LIBRARY = "libc++";
				CLANG_ENABLE_MODULES = YES;
				CLANG_ENABLE_OBJC_ARC = YES;
				CLANG_ENABLE_OBJC_WEAK = YES;
				CLANG_WARN_BLOCK_CAPTURE_AUTORELEASING = YES;
				CLANG_WARN_BOOL_CONVERSION = YES;
				CLANG_WARN_COMMA = YES;
				CLANG_WARN_CONSTANT_CONVERSION = YES;
				CLANG_WARN_DEPRECATED_OBJC_IMPLEMENTATIONS = YES;
				CLANG_WARN_DIRECT_OBJC_ISA_USAGE = YES_ERROR;
				CLANG_WARN_DOCUMENTATION_COMMENTS = YES;
				CLANG_WARN_EMPTY_BODY = YES;
				CLANG_WARN_ENUM_CONVERSION = YES;
				CLANG_WARN_INFINITE_RECURSION = YES;
				CLANG_WARN_INT_CONVERSION = YES;
				CLANG_WARN_NON_LITERAL_NULL_CONVERSION = YES;
				CLANG_WARN_OBJC_IMPLICIT_RETAIN_SELF = YES;
				CLANG_WARN_OBJC_LITERAL_CONVERSION = YES;
				CLANG_WARN_OBJC_ROOT_CLASS = YES_ERROR;
				CLANG_WARN_RANGE_LOOP_ANALYSIS = YES;
				CLANG_WARN_STRICT_PROTOTYPES = YES;
				CLANG_WARN_SUSPICIOUS_MOVE = YES;
				CLANG_WARN_UNGUARDED_AVAILABILITY = YES_AGGRESSIVE;
				CLANG_WARN_UNREACHABLE_CODE = YES;
				CLANG_WARN__DUPLICATE_METHOD_MATCH = YES;
				CODE_SIGN_IDENTITY = "iPhone Developer";
				COPY_PHASE_STRIP = NO;
				DEBUG_INFORMATION_FORMAT = dwarf;
				ENABLE_STRICT_OBJC_MSGSEND = YES;
				ENABLE_TESTABILITY = YES;
				GCC_C_LANGUAGE_STANDARD = gnu11;
				GCC_DYNAMIC_NO_PIC = NO;
				GCC_NO_COMMON_BLOCKS = YES;
				GCC_OPTIMIZATION_LEVEL = 0;
				GCC_PREPROCESSOR_DEFINITIONS = (
					"DEBUG=1",
					"$(inherited)",
				);
				GCC_WARN_64_TO_32_BIT_CONVERSION = YES;
				GCC_WARN_ABOUT_RETURN_TYPE = YES_ERROR;
				GCC_WARN_UNDECLARED_SELECTOR = YES;
				GCC_WARN_UNINITIALIZED_AUTOS = YES_AGGRESSIVE;
				GCC_WARN_UNUSED_FUNCTION = YES;
				GCC_WARN_UNUSED_VARIABLE = YES;
				IPHONEOS_DEPLOYMENT_TARGET = 12.0;
				MTL_ENABLE_DEBUG_INFO = INCLUDE_SOURCE;
				MTL_FAST_MATH = YES;
				ONLY_ACTIVE_ARCH = YES;
				SDKROOT = iphoneos;
				SWIFT_ACTIVE_COMPILATION_CONDITIONS = DEBUG;
				SWIFT_OPTIMIZATION_LEVEL = "-Onone";
			};
			name = Debug;
		};
		612AAB5321A6B818007E734B /* Release */ = {
			isa = XCBuildConfiguration;
			buildSettings = {
				ALWAYS_SEARCH_USER_PATHS = NO;
				CLANG_ANALYZER_NONNULL = YES;
				CLANG_ANALYZER_NUMBER_OBJECT_CONVERSION = YES_AGGRESSIVE;
				CLANG_CXX_LANGUAGE_STANDARD = "gnu++14";
				CLANG_CXX_LIBRARY = "libc++";
				CLANG_ENABLE_MODULES = YES;
				CLANG_ENABLE_OBJC_ARC = YES;
				CLANG_ENABLE_OBJC_WEAK = YES;
				CLANG_WARN_BLOCK_CAPTURE_AUTORELEASING = YES;
				CLANG_WARN_BOOL_CONVERSION = YES;
				CLANG_WARN_COMMA = YES;
				CLANG_WARN_CONSTANT_CONVERSION = YES;
				CLANG_WARN_DEPRECATED_OBJC_IMPLEMENTATIONS = YES;
				CLANG_WARN_DIRECT_OBJC_ISA_USAGE = YES_ERROR;
				CLANG_WARN_DOCUMENTATION_COMMENTS = YES;
				CLANG_WARN_EMPTY_BODY = YES;
				CLANG_WARN_ENUM_CONVERSION = YES;
				CLANG_WARN_INFINITE_RECURSION = YES;
				CLANG_WARN_INT_CONVERSION = YES;
				CLANG_WARN_NON_LITERAL_NULL_CONVERSION = YES;
				CLANG_WARN_OBJC_IMPLICIT_RETAIN_SELF = YES;
				CLANG_WARN_OBJC_LITERAL_CONVERSION = YES;
				CLANG_WARN_OBJC_ROOT_CLASS = YES_ERROR;
				CLANG_WARN_RANGE_LOOP_ANALYSIS = YES;
				CLANG_WARN_STRICT_PROTOTYPES = YES;
				CLANG_WARN_SUSPICIOUS_MOVE = YES;
				CLANG_WARN_UNGUARDED_AVAILABILITY = YES_AGGRESSIVE;
				CLANG_WARN_UNREACHABLE_CODE = YES;
				CLANG_WARN__DUPLICATE_METHOD_MATCH = YES;
				CODE_SIGN_IDENTITY = "iPhone Developer";
				COPY_PHASE_STRIP = NO;
				DEBUG_INFORMATION_FORMAT = "dwarf-with-dsym";
				ENABLE_NS_ASSERTIONS = NO;
				ENABLE_STRICT_OBJC_MSGSEND = YES;
				GCC_C_LANGUAGE_STANDARD = gnu11;
				GCC_NO_COMMON_BLOCKS = YES;
				GCC_WARN_64_TO_32_BIT_CONVERSION = YES;
				GCC_WARN_ABOUT_RETURN_TYPE = YES_ERROR;
				GCC_WARN_UNDECLARED_SELECTOR = YES;
				GCC_WARN_UNINITIALIZED_AUTOS = YES_AGGRESSIVE;
				GCC_WARN_UNUSED_FUNCTION = YES;
				GCC_WARN_UNUSED_VARIABLE = YES;
				IPHONEOS_DEPLOYMENT_TARGET = 12.0;
				MTL_ENABLE_DEBUG_INFO = NO;
				MTL_FAST_MATH = YES;
				SDKROOT = iphoneos;
				SWIFT_COMPILATION_MODE = wholemodule;
				SWIFT_OPTIMIZATION_LEVEL = "-O";
				VALIDATE_PRODUCT = YES;
			};
			name = Release;
		};
		612AAB5521A6B818007E734B /* Debug */ = {
			isa = XCBuildConfiguration;
			baseConfigurationReference = E38DD40B48B35EAF98D74A54 /* Pods-ACollection.debug.xcconfig */;
			buildSettings = {
				ALWAYS_EMBED_SWIFT_STANDARD_LIBRARIES = YES;
				ASSETCATALOG_COMPILER_APPICON_NAME = AppIcon;
				CODE_SIGN_STYLE = Automatic;
				DEVELOPMENT_TEAM = QBK3BR3XX4;
				INFOPLIST_FILE = ACollection/Info.plist;
				LD_RUNPATH_SEARCH_PATHS = (
					"$(inherited)",
					"@executable_path/Frameworks",
				);
				PRODUCT_BUNDLE_IDENTIFIER = com.project.ACollection;
				PRODUCT_NAME = "$(TARGET_NAME)";
				SWIFT_VERSION = 4.2;
				TARGETED_DEVICE_FAMILY = "1,2";
			};
			name = Debug;
		};
		612AAB5621A6B818007E734B /* Release */ = {
			isa = XCBuildConfiguration;
			baseConfigurationReference = 9449E340A3DAB10C1B20B3D3 /* Pods-ACollection.release.xcconfig */;
			buildSettings = {
				ALWAYS_EMBED_SWIFT_STANDARD_LIBRARIES = YES;
				ASSETCATALOG_COMPILER_APPICON_NAME = AppIcon;
				CODE_SIGN_STYLE = Automatic;
				DEVELOPMENT_TEAM = QBK3BR3XX4;
				INFOPLIST_FILE = ACollection/Info.plist;
				LD_RUNPATH_SEARCH_PATHS = (
					"$(inherited)",
					"@executable_path/Frameworks",
				);
				PRODUCT_BUNDLE_IDENTIFIER = com.project.ACollection;
				PRODUCT_NAME = "$(TARGET_NAME)";
				SWIFT_VERSION = 4.2;
				TARGETED_DEVICE_FAMILY = "1,2";
			};
			name = Release;
		};
		612AAB5821A6B818007E734B /* Debug */ = {
			isa = XCBuildConfiguration;
			baseConfigurationReference = 2EF37FA764D2341D0BCC6A2A /* Pods-ACollectionTests.debug.xcconfig */;
			buildSettings = {
				ALWAYS_EMBED_SWIFT_STANDARD_LIBRARIES = YES;
				BUNDLE_LOADER = "$(TEST_HOST)";
				CODE_SIGN_STYLE = Automatic;
				DEVELOPMENT_TEAM = QBK3BR3XX4;
				INFOPLIST_FILE = ACollectionTests/Info.plist;
				LD_RUNPATH_SEARCH_PATHS = (
					"$(inherited)",
					"@executable_path/Frameworks",
					"@loader_path/Frameworks",
				);
				PRODUCT_BUNDLE_IDENTIFIER = com.project.ACollectionTests;
				PRODUCT_NAME = "$(TARGET_NAME)";
				SWIFT_VERSION = 4.2;
				TARGETED_DEVICE_FAMILY = "1,2";
				TEST_HOST = "$(BUILT_PRODUCTS_DIR)/ACollection.app/ACollection";
			};
			name = Debug;
		};
		612AAB5921A6B818007E734B /* Release */ = {
			isa = XCBuildConfiguration;
			baseConfigurationReference = 705584E09AFFF0CDC00BC309 /* Pods-ACollectionTests.release.xcconfig */;
			buildSettings = {
				ALWAYS_EMBED_SWIFT_STANDARD_LIBRARIES = YES;
				BUNDLE_LOADER = "$(TEST_HOST)";
				CODE_SIGN_STYLE = Automatic;
				DEVELOPMENT_TEAM = QBK3BR3XX4;
				INFOPLIST_FILE = ACollectionTests/Info.plist;
				LD_RUNPATH_SEARCH_PATHS = (
					"$(inherited)",
					"@executable_path/Frameworks",
					"@loader_path/Frameworks",
				);
				PRODUCT_BUNDLE_IDENTIFIER = com.project.ACollectionTests;
				PRODUCT_NAME = "$(TARGET_NAME)";
				SWIFT_VERSION = 4.2;
				TARGETED_DEVICE_FAMILY = "1,2";
				TEST_HOST = "$(BUILT_PRODUCTS_DIR)/ACollection.app/ACollection";
			};
			name = Release;
		};
		612AAB5B21A6B818007E734B /* Debug */ = {
			isa = XCBuildConfiguration;
			baseConfigurationReference = 9A3FDB5034CF03C9C3A643CD /* Pods-ACollectionUITests.debug.xcconfig */;
			buildSettings = {
				ALWAYS_EMBED_SWIFT_STANDARD_LIBRARIES = YES;
				CODE_SIGN_STYLE = Automatic;
				DEVELOPMENT_TEAM = QBK3BR3XX4;
				INFOPLIST_FILE = ACollectionUITests/Info.plist;
				LD_RUNPATH_SEARCH_PATHS = (
					"$(inherited)",
					"@executable_path/Frameworks",
					"@loader_path/Frameworks",
				);
				PRODUCT_BUNDLE_IDENTIFIER = com.project.ACollectionUITests;
				PRODUCT_NAME = "$(TARGET_NAME)";
				SWIFT_VERSION = 4.2;
				TARGETED_DEVICE_FAMILY = "1,2";
				TEST_TARGET_NAME = ACollection;
			};
			name = Debug;
		};
		612AAB5C21A6B818007E734B /* Release */ = {
			isa = XCBuildConfiguration;
			baseConfigurationReference = 312E11663A1089C64A5175C6 /* Pods-ACollectionUITests.release.xcconfig */;
			buildSettings = {
				ALWAYS_EMBED_SWIFT_STANDARD_LIBRARIES = YES;
				CODE_SIGN_STYLE = Automatic;
				DEVELOPMENT_TEAM = QBK3BR3XX4;
				INFOPLIST_FILE = ACollectionUITests/Info.plist;
				LD_RUNPATH_SEARCH_PATHS = (
					"$(inherited)",
					"@executable_path/Frameworks",
					"@loader_path/Frameworks",
				);
				PRODUCT_BUNDLE_IDENTIFIER = com.project.ACollectionUITests;
				PRODUCT_NAME = "$(TARGET_NAME)";
				SWIFT_VERSION = 4.2;
				TARGETED_DEVICE_FAMILY = "1,2";
				TEST_TARGET_NAME = ACollection;
			};
			name = Release;
		};
/* End XCBuildConfiguration section */

/* Begin XCConfigurationList section */
		612AAB2721A6B817007E734B /* Build configuration list for PBXProject "ACollection" */ = {
			isa = XCConfigurationList;
			buildConfigurations = (
				612AAB5221A6B818007E734B /* Debug */,
				612AAB5321A6B818007E734B /* Release */,
			);
			defaultConfigurationIsVisible = 0;
			defaultConfigurationName = Release;
		};
		612AAB5421A6B818007E734B /* Build configuration list for PBXNativeTarget "ACollection" */ = {
			isa = XCConfigurationList;
			buildConfigurations = (
				612AAB5521A6B818007E734B /* Debug */,
				612AAB5621A6B818007E734B /* Release */,
			);
			defaultConfigurationIsVisible = 0;
			defaultConfigurationName = Release;
		};
		612AAB5721A6B818007E734B /* Build configuration list for PBXNativeTarget "ACollectionTests" */ = {
			isa = XCConfigurationList;
			buildConfigurations = (
				612AAB5821A6B818007E734B /* Debug */,
				612AAB5921A6B818007E734B /* Release */,
			);
			defaultConfigurationIsVisible = 0;
			defaultConfigurationName = Release;
		};
		612AAB5A21A6B818007E734B /* Build configuration list for PBXNativeTarget "ACollectionUITests" */ = {
			isa = XCConfigurationList;
			buildConfigurations = (
				612AAB5B21A6B818007E734B /* Debug */,
				612AAB5C21A6B818007E734B /* Release */,
			);
			defaultConfigurationIsVisible = 0;
			defaultConfigurationName = Release;
		};
/* End XCConfigurationList section */
	};
	rootObject = 612AAB2421A6B817007E734B /* Project object */;
}
